// !$*UTF8*$!
{
	archiveVersion = 1;
	classes = {
	};
	objectVersion = 46;
	objects = {

/* Begin PBXBuildFile section */
		E3087F0D1FB30DB20013A593 /* utilities.cpp in Sources */ = {isa = PBXBuildFile; fileRef = E3087F0B1FB30DB20013A593 /* utilities.cpp */; };
		E3130F741FC3609F008DB7B5 /* Light.cpp in Sources */ = {isa = PBXBuildFile; fileRef = E3130F721FC3609F008DB7B5 /* Light.cpp */; };
		E3130F771FC4A823008DB7B5 /* Scene.cpp in Sources */ = {isa = PBXBuildFile; fileRef = E3130F751FC4A823008DB7B5 /* Scene.cpp */; };
		E3130F7A1FC4ECD1008DB7B5 /* Material.cpp in Sources */ = {isa = PBXBuildFile; fileRef = E3130F781FC4ECD1008DB7B5 /* Material.cpp */; };
		E3130F7D1FC6DE4A008DB7B5 /* Intersection.cpp in Sources */ = {isa = PBXBuildFile; fileRef = E3130F7B1FC6DE4A008DB7B5 /* Intersection.cpp */; };
		E33FD9251FCEF8E1007B66D9 /* Object.cpp in Sources */ = {isa = PBXBuildFile; fileRef = E33FD9241FCEF8E1007B66D9 /* Object.cpp */; };
		E33FD9281FD007AC007B66D9 /* Mesh.cpp in Sources */ = {isa = PBXBuildFile; fileRef = E33FD9261FD007AC007B66D9 /* Mesh.cpp */; };
		E3AFB61C1FADD12E003B38F4 /* main.cpp in Sources */ = {isa = PBXBuildFile; fileRef = E3AFB61B1FADD12E003B38F4 /* main.cpp */; };
		E3AFB6241FAE44F0003B38F4 /* Vec3.cpp in Sources */ = {isa = PBXBuildFile; fileRef = E3AFB6221FAE44F0003B38F4 /* Vec3.cpp */; };
		E3AFB6271FAE46F6003B38F4 /* Ray.cpp in Sources */ = {isa = PBXBuildFile; fileRef = E3AFB6251FAE46F6003B38F4 /* Ray.cpp */; };
		E3AFB62A1FAE4796003B38F4 /* Sphere.cpp in Sources */ = {isa = PBXBuildFile; fileRef = E3AFB6281FAE4796003B38F4 /* Sphere.cpp */; };
		E3AFB6301FAE5228003B38F4 /* Camera.cpp in Sources */ = {isa = PBXBuildFile; fileRef = E3AFB62E1FAE5228003B38F4 /* Camera.cpp */; };
		E3AFB6331FAE5CBF003B38F4 /* Image.cpp in Sources */ = {isa = PBXBuildFile; fileRef = E3AFB6311FAE5CBF003B38F4 /* Image.cpp */; };
/* End PBXBuildFile section */

/* Begin PBXCopyFilesBuildPhase section */
		E3AFB6161FADD12E003B38F4 /* CopyFiles */ = {
			isa = PBXCopyFilesBuildPhase;
			buildActionMask = 2147483647;
			dstPath = /usr/share/man/man1/;
			dstSubfolderSpec = 0;
			files = (
			);
			runOnlyForDeploymentPostprocessing = 1;
		};
/* End PBXCopyFilesBuildPhase section */

/* Begin PBXFileReference section */
		E3087F0B1FB30DB20013A593 /* utilities.cpp */ = {isa = PBXFileReference; fileEncoding = 4; lastKnownFileType = sourcecode.cpp.cpp; path = utilities.cpp; sourceTree = "<group>"; };
		E3087F0C1FB30DB20013A593 /* utilities.hpp */ = {isa = PBXFileReference; fileEncoding = 4; lastKnownFileType = sourcecode.cpp.h; path = utilities.hpp; sourceTree = "<group>"; };
		E3130F721FC3609F008DB7B5 /* Light.cpp */ = {isa = PBXFileReference; fileEncoding = 4; lastKnownFileType = sourcecode.cpp.cpp; path = Light.cpp; sourceTree = "<group>"; };
		E3130F731FC3609F008DB7B5 /* Light.hpp */ = {isa = PBXFileReference; fileEncoding = 4; lastKnownFileType = sourcecode.cpp.h; path = Light.hpp; sourceTree = "<group>"; };
		E3130F751FC4A823008DB7B5 /* Scene.cpp */ = {isa = PBXFileReference; fileEncoding = 4; lastKnownFileType = sourcecode.cpp.cpp; path = Scene.cpp; sourceTree = "<group>"; };
		E3130F761FC4A823008DB7B5 /* Scene.hpp */ = {isa = PBXFileReference; fileEncoding = 4; lastKnownFileType = sourcecode.cpp.h; path = Scene.hpp; sourceTree = "<group>"; };
		E3130F781FC4ECD1008DB7B5 /* Material.cpp */ = {isa = PBXFileReference; fileEncoding = 4; lastKnownFileType = sourcecode.cpp.cpp; path = Material.cpp; sourceTree = "<group>"; };
		E3130F791FC4ECD1008DB7B5 /* Material.hpp */ = {isa = PBXFileReference; fileEncoding = 4; lastKnownFileType = sourcecode.cpp.h; path = Material.hpp; sourceTree = "<group>"; };
		E3130F7B1FC6DE4A008DB7B5 /* Intersection.cpp */ = {isa = PBXFileReference; fileEncoding = 4; lastKnownFileType = sourcecode.cpp.cpp; path = Intersection.cpp; sourceTree = "<group>"; };
		E3130F7C1FC6DE4A008DB7B5 /* Intersection.hpp */ = {isa = PBXFileReference; fileEncoding = 4; lastKnownFileType = sourcecode.cpp.h; path = Intersection.hpp; sourceTree = "<group>"; };
		E33FD9241FCEF8E1007B66D9 /* Object.cpp */ = {isa = PBXFileReference; fileEncoding = 4; lastKnownFileType = sourcecode.cpp.cpp; path = Object.cpp; sourceTree = "<group>"; };
		E33FD9261FD007AC007B66D9 /* Mesh.cpp */ = {isa = PBXFileReference; fileEncoding = 4; lastKnownFileType = sourcecode.cpp.cpp; path = Mesh.cpp; sourceTree = "<group>"; };
		E33FD9271FD007AC007B66D9 /* Mesh.hpp */ = {isa = PBXFileReference; fileEncoding = 4; lastKnownFileType = sourcecode.cpp.h; path = Mesh.hpp; sourceTree = "<group>"; };
		E3AFB6181FADD12E003B38F4 /* RayTracer */ = {isa = PBXFileReference; explicitFileType = "compiled.mach-o.executable"; includeInIndex = 0; path = RayTracer; sourceTree = BUILT_PRODUCTS_DIR; };
		E3AFB61B1FADD12E003B38F4 /* main.cpp */ = {isa = PBXFileReference; lastKnownFileType = sourcecode.cpp.cpp; path = main.cpp; sourceTree = "<group>"; };
		E3AFB6221FAE44F0003B38F4 /* Vec3.cpp */ = {isa = PBXFileReference; fileEncoding = 4; lastKnownFileType = sourcecode.cpp.cpp; path = Vec3.cpp; sourceTree = "<group>"; };
		E3AFB6231FAE44F0003B38F4 /* Vec3.hpp */ = {isa = PBXFileReference; fileEncoding = 4; lastKnownFileType = sourcecode.cpp.h; path = Vec3.hpp; sourceTree = "<group>"; };
		E3AFB6251FAE46F6003B38F4 /* Ray.cpp */ = {isa = PBXFileReference; fileEncoding = 4; lastKnownFileType = sourcecode.cpp.cpp; path = Ray.cpp; sourceTree = "<group>"; };
		E3AFB6261FAE46F6003B38F4 /* Ray.hpp */ = {isa = PBXFileReference; fileEncoding = 4; lastKnownFileType = sourcecode.cpp.h; path = Ray.hpp; sourceTree = "<group>"; };
		E3AFB6281FAE4796003B38F4 /* Sphere.cpp */ = {isa = PBXFileReference; fileEncoding = 4; lastKnownFileType = sourcecode.cpp.cpp; path = Sphere.cpp; sourceTree = "<group>"; };
		E3AFB6291FAE4796003B38F4 /* Sphere.hpp */ = {isa = PBXFileReference; fileEncoding = 4; lastKnownFileType = sourcecode.cpp.h; path = Sphere.hpp; sourceTree = "<group>"; };
		E3AFB62C1FAE48D8003B38F4 /* Object.hpp */ = {isa = PBXFileReference; fileEncoding = 4; lastKnownFileType = sourcecode.cpp.h; path = Object.hpp; sourceTree = "<group>"; };
		E3AFB62E1FAE5228003B38F4 /* Camera.cpp */ = {isa = PBXFileReference; fileEncoding = 4; lastKnownFileType = sourcecode.cpp.cpp; path = Camera.cpp; sourceTree = "<group>"; };
		E3AFB62F1FAE5228003B38F4 /* Camera.hpp */ = {isa = PBXFileReference; fileEncoding = 4; lastKnownFileType = sourcecode.cpp.h; path = Camera.hpp; sourceTree = "<group>"; };
		E3AFB6311FAE5CBF003B38F4 /* Image.cpp */ = {isa = PBXFileReference; fileEncoding = 4; lastKnownFileType = sourcecode.cpp.cpp; path = Image.cpp; sourceTree = "<group>"; };
		E3AFB6321FAE5CBF003B38F4 /* Image.hpp */ = {isa = PBXFileReference; fileEncoding = 4; lastKnownFileType = sourcecode.cpp.h; path = Image.hpp; sourceTree = "<group>"; };
/* End PBXFileReference section */

/* Begin PBXFrameworksBuildPhase section */
		E3AFB6151FADD12E003B38F4 /* Frameworks */ = {
			isa = PBXFrameworksBuildPhase;
			buildActionMask = 2147483647;
			files = (
			);
			runOnlyForDeploymentPostprocessing = 0;
		};
/* End PBXFrameworksBuildPhase section */

/* Begin PBXGroup section */
		E3AFB60F1FADD12E003B38F4 = {
			isa = PBXGroup;
			children = (
				E3AFB61A1FADD12E003B38F4 /* RayTracer */,
				E3AFB6191FADD12E003B38F4 /* Products */,
			);
			sourceTree = "<group>";
		};
		E3AFB6191FADD12E003B38F4 /* Products */ = {
			isa = PBXGroup;
			children = (
				E3AFB6181FADD12E003B38F4 /* RayTracer */,
			);
			name = Products;
			sourceTree = "<group>";
		};
		E3AFB61A1FADD12E003B38F4 /* RayTracer */ = {
			isa = PBXGroup;
			children = (
				E3AFB61B1FADD12E003B38F4 /* main.cpp */,
				E3AFB62E1FAE5228003B38F4 /* Camera.cpp */,
				E3AFB62F1FAE5228003B38F4 /* Camera.hpp */,
				E3AFB6311FAE5CBF003B38F4 /* Image.cpp */,
				E3AFB6321FAE5CBF003B38F4 /* Image.hpp */,
				E3130F7B1FC6DE4A008DB7B5 /* Intersection.cpp */,
				E3130F7C1FC6DE4A008DB7B5 /* Intersection.hpp */,
				E3130F721FC3609F008DB7B5 /* Light.cpp */,
				E3130F731FC3609F008DB7B5 /* Light.hpp */,
				E3130F781FC4ECD1008DB7B5 /* Material.cpp */,
				E3130F791FC4ECD1008DB7B5 /* Material.hpp */,
				E33FD9241FCEF8E1007B66D9 /* Object.cpp */,
				E3AFB62C1FAE48D8003B38F4 /* Object.hpp */,
				E3AFB6251FAE46F6003B38F4 /* Ray.cpp */,
				E3AFB6261FAE46F6003B38F4 /* Ray.hpp */,
				E3130F751FC4A823008DB7B5 /* Scene.cpp */,
				E3130F761FC4A823008DB7B5 /* Scene.hpp */,
				E3AFB6281FAE4796003B38F4 /* Sphere.cpp */,
				E3AFB6291FAE4796003B38F4 /* Sphere.hpp */,
				E33FD9261FD007AC007B66D9 /* Mesh.cpp */,
				E33FD9271FD007AC007B66D9 /* Mesh.hpp */,
				E3087F0B1FB30DB20013A593 /* utilities.cpp */,
				E3087F0C1FB30DB20013A593 /* utilities.hpp */,
				E3AFB6221FAE44F0003B38F4 /* Vec3.cpp */,
				E3AFB6231FAE44F0003B38F4 /* Vec3.hpp */,
			);
			path = RayTracer;
			sourceTree = "<group>";
		};
/* End PBXGroup section */

/* Begin PBXNativeTarget section */
		E3AFB6171FADD12E003B38F4 /* RayTracer */ = {
			isa = PBXNativeTarget;
			buildConfigurationList = E3AFB61F1FADD12E003B38F4 /* Build configuration list for PBXNativeTarget "RayTracer" */;
			buildPhases = (
				E3AFB6141FADD12E003B38F4 /* Sources */,
				E3AFB6151FADD12E003B38F4 /* Frameworks */,
				E3AFB6161FADD12E003B38F4 /* CopyFiles */,
			);
			buildRules = (
			);
			dependencies = (
			);
			name = RayTracer;
			productName = RayTracer;
			productReference = E3AFB6181FADD12E003B38F4 /* RayTracer */;
			productType = "com.apple.product-type.tool";
		};
/* End PBXNativeTarget section */

/* Begin PBXProject section */
		E3AFB6101FADD12E003B38F4 /* Project object */ = {
			isa = PBXProject;
			attributes = {
				LastUpgradeCheck = 0810;
				ORGANIZATIONNAME = "Loïs Paulin";
				TargetAttributes = {
					E3AFB6171FADD12E003B38F4 = {
						CreatedOnToolsVersion = 8.1;
						ProvisioningStyle = Automatic;
					};
				};
			};
			buildConfigurationList = E3AFB6131FADD12E003B38F4 /* Build configuration list for PBXProject "RayTracer" */;
			compatibilityVersion = "Xcode 3.2";
			developmentRegion = English;
			hasScannedForEncodings = 0;
			knownRegions = (
				en,
			);
			mainGroup = E3AFB60F1FADD12E003B38F4;
			productRefGroup = E3AFB6191FADD12E003B38F4 /* Products */;
			projectDirPath = "";
			projectRoot = "";
			targets = (
				E3AFB6171FADD12E003B38F4 /* RayTracer */,
			);
		};
/* End PBXProject section */

/* Begin PBXSourcesBuildPhase section */
		E3AFB6141FADD12E003B38F4 /* Sources */ = {
			isa = PBXSourcesBuildPhase;
			buildActionMask = 2147483647;
			files = (
				E3AFB6271FAE46F6003B38F4 /* Ray.cpp in Sources */,
				E3AFB6331FAE5CBF003B38F4 /* Image.cpp in Sources */,
				E33FD9251FCEF8E1007B66D9 /* Object.cpp in Sources */,
				E3130F741FC3609F008DB7B5 /* Light.cpp in Sources */,
				E33FD9281FD007AC007B66D9 /* Mesh.cpp in Sources */,
				E3087F0D1FB30DB20013A593 /* utilities.cpp in Sources */,
				E3AFB6241FAE44F0003B38F4 /* Vec3.cpp in Sources */,
				E3AFB62A1FAE4796003B38F4 /* Sphere.cpp in Sources */,
				E3AFB61C1FADD12E003B38F4 /* main.cpp in Sources */,
				E3AFB6301FAE5228003B38F4 /* Camera.cpp in Sources */,
				E3130F7A1FC4ECD1008DB7B5 /* Material.cpp in Sources */,
				E3130F771FC4A823008DB7B5 /* Scene.cpp in Sources */,
				E3130F7D1FC6DE4A008DB7B5 /* Intersection.cpp in Sources */,
			);
			runOnlyForDeploymentPostprocessing = 0;
		};
/* End PBXSourcesBuildPhase section */

/* Begin XCBuildConfiguration section */
		E3AFB61D1FADD12E003B38F4 /* Debug */ = {
			isa = XCBuildConfiguration;
			buildSettings = {
				ALWAYS_SEARCH_USER_PATHS = NO;
				CLANG_ANALYZER_NONNULL = YES;
				CLANG_CXX_LANGUAGE_STANDARD = "gnu++0x";
				CLANG_CXX_LIBRARY = "libc++";
				CLANG_ENABLE_MODULES = YES;
				CLANG_ENABLE_OBJC_ARC = YES;
				CLANG_WARN_BOOL_CONVERSION = YES;
				CLANG_WARN_CONSTANT_CONVERSION = YES;
				CLANG_WARN_DIRECT_OBJC_ISA_USAGE = YES_ERROR;
				CLANG_WARN_DOCUMENTATION_COMMENTS = YES;
				CLANG_WARN_EMPTY_BODY = YES;
				CLANG_WARN_ENUM_CONVERSION = YES;
				CLANG_WARN_INFINITE_RECURSION = YES;
				CLANG_WARN_INT_CONVERSION = YES;
				CLANG_WARN_OBJC_ROOT_CLASS = YES_ERROR;
				CLANG_WARN_SUSPICIOUS_MOVES = YES;
				CLANG_WARN_UNREACHABLE_CODE = YES;
				CLANG_WARN__DUPLICATE_METHOD_MATCH = YES;
				CODE_SIGN_IDENTITY = "-";
				COPY_PHASE_STRIP = NO;
				DEBUG_INFORMATION_FORMAT = dwarf;
				ENABLE_STRICT_OBJC_MSGSEND = YES;
				ENABLE_TESTABILITY = YES;
				GCC_C_LANGUAGE_STANDARD = gnu99;
				GCC_DYNAMIC_NO_PIC = NO;
				GCC_NO_COMMON_BLOCKS = YES;
				GCC_OPTIMIZATION_LEVEL = 0;
				GCC_PREPROCESSOR_DEFINITIONS = (
					"DEBUG=1",
					"$(inherited)",
				);
				GCC_WARN_64_TO_32_BIT_CONVERSION = YES;
				GCC_WARN_ABOUT_RETURN_TYPE = YES_ERROR;
				GCC_WARN_UNDECLARED_SELECTOR = YES;
				GCC_WARN_UNINITIALIZED_AUTOS = YES_AGGRESSIVE;
				GCC_WARN_UNUSED_FUNCTION = YES;
				GCC_WARN_UNUSED_VARIABLE = YES;
				MACOSX_DEPLOYMENT_TARGET = 10.11;
				MTL_ENABLE_DEBUG_INFO = YES;
				ONLY_ACTIVE_ARCH = YES;
				SDKROOT = macosx;
			};
			name = Debug;
		};
		E3AFB61E1FADD12E003B38F4 /* Release */ = {
			isa = XCBuildConfiguration;
			buildSettings = {
				ALWAYS_SEARCH_USER_PATHS = NO;
				CLANG_ANALYZER_NONNULL = YES;
				CLANG_CXX_LANGUAGE_STANDARD = "gnu++0x";
				CLANG_CXX_LIBRARY = "libc++";
				CLANG_ENABLE_MODULES = YES;
				CLANG_ENABLE_OBJC_ARC = YES;
				CLANG_WARN_BOOL_CONVERSION = YES;
				CLANG_WARN_CONSTANT_CONVERSION = YES;
				CLANG_WARN_DIRECT_OBJC_ISA_USAGE = YES_ERROR;
				CLANG_WARN_DOCUMENTATION_COMMENTS = YES;
				CLANG_WARN_EMPTY_BODY = YES;
				CLANG_WARN_ENUM_CONVERSION = YES;
				CLANG_WARN_INFINITE_RECURSION = YES;
				CLANG_WARN_INT_CONVERSION = YES;
				CLANG_WARN_OBJC_ROOT_CLASS = YES_ERROR;
				CLANG_WARN_SUSPICIOUS_MOVES = YES;
				CLANG_WARN_UNREACHABLE_CODE = YES;
				CLANG_WARN__DUPLICATE_METHOD_MATCH = YES;
				CODE_SIGN_IDENTITY = "-";
				COPY_PHASE_STRIP = NO;
				DEBUG_INFORMATION_FORMAT = "dwarf-with-dsym";
				ENABLE_NS_ASSERTIONS = NO;
				ENABLE_STRICT_OBJC_MSGSEND = YES;
				GCC_C_LANGUAGE_STANDARD = gnu99;
				GCC_NO_COMMON_BLOCKS = YES;
				GCC_WARN_64_TO_32_BIT_CONVERSION = YES;
				GCC_WARN_ABOUT_RETURN_TYPE = YES_ERROR;
				GCC_WARN_UNDECLARED_SELECTOR = YES;
				GCC_WARN_UNINITIALIZED_AUTOS = YES_AGGRESSIVE;
				GCC_WARN_UNUSED_FUNCTION = YES;
				GCC_WARN_UNUSED_VARIABLE = YES;
				MACOSX_DEPLOYMENT_TARGET = 10.11;
				MTL_ENABLE_DEBUG_INFO = NO;
				SDKROOT = macosx;
			};
			name = Release;
		};
		E3AFB6201FADD12E003B38F4 /* Debug */ = {
			isa = XCBuildConfiguration;
			buildSettings = {
				OTHER_LDFLAGS = (
					"-L/usr/local/opt/llvm/lib",
					"-I/usr/local/opt/llvm/include",
					"-lgomp",
				);
				PRODUCT_NAME = "$(TARGET_NAME)";
			};
			name = Debug;
		};
		E3AFB6211FADD12E003B38F4 /* Release */ = {
			isa = XCBuildConfiguration;
			buildSettings = {
				OTHER_LDFLAGS = (
					"-L/usr/local/opt/llvm/lib",
					"-I/usr/local/opt/llvm/include",
					"-lgomp",
				);
				PRODUCT_NAME = "$(TARGET_NAME)";
			};
			name = Release;
		};
/* End XCBuildConfiguration section */

/* Begin XCConfigurationList section */
		E3AFB6131FADD12E003B38F4 /* Build configuration list for PBXProject "RayTracer" */ = {
			isa = XCConfigurationList;
			buildConfigurations = (
				E3AFB61D1FADD12E003B38F4 /* Debug */,
				E3AFB61E1FADD12E003B38F4 /* Release */,
			);
			defaultConfigurationIsVisible = 0;
			defaultConfigurationName = Release;
		};
		E3AFB61F1FADD12E003B38F4 /* Build configuration list for PBXNativeTarget "RayTracer" */ = {
			isa = XCConfigurationList;
			buildConfigurations = (
				E3AFB6201FADD12E003B38F4 /* Debug */,
				E3AFB6211FADD12E003B38F4 /* Release */,
			);
			defaultConfigurationIsVisible = 0;
			defaultConfigurationName = Release;
		};
/* End XCConfigurationList section */
	};
	rootObject = E3AFB6101FADD12E003B38F4 /* Project object */;
}
